
Microsoft Visual Studio Solution File, Format Version 12.00
Project("{FAE04EC0-301F-11D3-BF4B-00C04F79EFBC}") = "FundooAppProject", "FundooAppProject\FundooAppProject.csproj", "{D9B42682-D7AF-4D34-B3A3-61951374730E}"
EndProject
Project("{FAE04EC0-301F-11D3-BF4B-00C04F79EFBC}") = "Models", "Models\Models.csproj", "{6824BA76-F21D-4768-91C6-52BEAD0F6B1D}"
EndProject
Project("{FAE04EC0-301F-11D3-BF4B-00C04F79EFBC}") = "BusinessLayer", "BusinessLayer\BusinessLayer.csproj", "{7BBD246B-2535-4C36-9CC3-01384D5E28AA}"
EndProject
Project("{FAE04EC0-301F-11D3-BF4B-00C04F79EFBC}") = "RepositoryLayer", "RepositoryLayer\RepositoryLayer.csproj", "{5F82FB4D-92E3-4AB8-832E-5F9218FAE964}"
EndProject
Project("{2150E333-8FDC-42A3-9474-1A3956D46DE8}") = "FundooProject", "FundooProject", "{EC995628-A579-4EC6-9FD0-0363770A5303}"
EndProject
Project("{2150E333-8FDC-42A3-9474-1A3956D46DE8}") = "EmailService", "EmailService", "{EBC3C154-AF7B-427A-A013-EB40AA970CEC}"
EndProject
Project("{FAE04EC0-301F-11D3-BF4B-00C04F79EFBC}") = "EmailController", "EmailController\EmailController.csproj", "{833F9275-0260-4EB7-9856-50E74095DC48}"
EndProject
Project("{FAE04EC0-301F-11D3-BF4B-00C04F79EFBC}") = "EmailModel", "EmailModel\EmailModel.csproj", "{E94F8A83-545F-4D1D-92F7-02AAD34F57DB}"
EndProject
Project("{FAE04EC0-301F-11D3-BF4B-00C04F79EFBC}") = "EmailService", "EmailService\EmailService.csproj", "{7C7EBF01-1C3E-460B-9BB1-5104AEAAABA4}"
EndProject
Global
	GlobalSection(SolutionConfigurationPlatforms) = preSolution
		Debug|Any CPU = Debug|Any CPU
		Release|Any CPU = Release|Any CPU
	EndGlobalSection
	GlobalSection(ProjectConfigurationPlatforms) = postSolution
		{D9B42682-D7AF-4D34-B3A3-61951374730E}.Debug|Any CPU.ActiveCfg = Debug|Any CPU
		{D9B42682-D7AF-4D34-B3A3-61951374730E}.Debug|Any CPU.Build.0 = Debug|Any CPU
		{D9B42682-D7AF-4D34-B3A3-61951374730E}.Release|Any CPU.ActiveCfg = Release|Any CPU
		{D9B42682-D7AF-4D34-B3A3-61951374730E}.Release|Any CPU.Build.0 = Release|Any CPU
		{6824BA76-F21D-4768-91C6-52BEAD0F6B1D}.Debug|Any CPU.ActiveCfg = Debug|Any CPU
		{6824BA76-F21D-4768-91C6-52BEAD0F6B1D}.Debug|Any CPU.Build.0 = Debug|Any CPU
		{6824BA76-F21D-4768-91C6-52BEAD0F6B1D}.Release|Any CPU.ActiveCfg = Release|Any CPU
		{6824BA76-F21D-4768-91C6-52BEAD0F6B1D}.Release|Any CPU.Build.0 = Release|Any CPU
		{7BBD246B-2535-4C36-9CC3-01384D5E28AA}.Debug|Any CPU.ActiveCfg = Debug|Any CPU
		{7BBD246B-2535-4C36-9CC3-01384D5E28AA}.Debug|Any CPU.Build.0 = Debug|Any CPU
		{7BBD246B-2535-4C36-9CC3-01384D5E28AA}.Release|Any CPU.ActiveCfg = Release|Any CPU
		{7BBD246B-2535-4C36-9CC3-01384D5E28AA}.Release|Any CPU.Build.0 = Release|Any CPU
		{5F82FB4D-92E3-4AB8-832E-5F9218FAE964}.Debug|Any CPU.ActiveCfg = Debug|Any CPU
		{5F82FB4D-92E3-4AB8-832E-5F9218FAE964}.Debug|Any CPU.Build.0 = Debug|Any CPU
		{5F82FB4D-92E3-4AB8-832E-5F9218FAE964}.Release|Any CPU.ActiveCfg = Release|Any CPU
		{5F82FB4D-92E3-4AB8-832E-5F9218FAE964}.Release|Any CPU.Build.0 = Release|Any CPU
		{833F9275-0260-4EB7-9856-50E74095DC48}.Debug|Any CPU.ActiveCfg = Debug|Any CPU
		{833F9275-0260-4EB7-9856-50E74095DC48}.Debug|Any CPU.Build.0 = Debug|Any CPU
		{833F9275-0260-4EB7-9856-50E74095DC48}.Release|Any CPU.ActiveCfg = Release|Any CPU
		{833F9275-0260-4EB7-9856-50E74095DC48}.Release|Any CPU.Build.0 = Release|Any CPU
		{E94F8A83-545F-4D1D-92F7-02AAD34F57DB}.Debug|Any CPU.ActiveCfg = Debug|Any CPU
		{E94F8A83-545F-4D1D-92F7-02AAD34F57DB}.Debug|Any CPU.Build.0 = Debug|Any CPU
		{E94F8A83-545F-4D1D-92F7-02AAD34F57DB}.Release|Any CPU.ActiveCfg = Release|Any CPU
		{E94F8A83-545F-4D1D-92F7-02AAD34F57DB}.Release|Any CPU.Build.0 = Release|Any CPU
		{7C7EBF01-1C3E-460B-9BB1-5104AEAAABA4}.Debug|Any CPU.ActiveCfg = Debug|Any CPU
		{7C7EBF01-1C3E-460B-9BB1-5104AEAAABA4}.Debug|Any CPU.Build.0 = Debug|Any CPU
		{7C7EBF01-1C3E-460B-9BB1-5104AEAAABA4}.Release|Any CPU.ActiveCfg = Release|Any CPU
		{7C7EBF01-1C3E-460B-9BB1-5104AEAAABA4}.Release|Any CPU.Build.0 = Release|Any CPU
	EndGlobalSection
	GlobalSection(NestedProjects) = preSolution
		{7BBD246B-2535-4C36-9CC3-01384D5E28AA} = {EC995628-A579-4EC6-9FD0-0363770A5303}
		{D9B42682-D7AF-4D34-B3A3-61951374730E} = {EC995628-A579-4EC6-9FD0-0363770A5303}
		{6824BA76-F21D-4768-91C6-52BEAD0F6B1D} = {EC995628-A579-4EC6-9FD0-0363770A5303}
		{5F82FB4D-92E3-4AB8-832E-5F9218FAE964} = {EC995628-A579-4EC6-9FD0-0363770A5303}
		{833F9275-0260-4EB7-9856-50E74095DC48} = {EBC3C154-AF7B-427A-A013-EB40AA970CEC}
		{E94F8A83-545F-4D1D-92F7-02AAD34F57DB} = {EBC3C154-AF7B-427A-A013-EB40AA970CEC}
		{7C7EBF01-1C3E-460B-9BB1-5104AEAAABA4} = {EBC3C154-AF7B-427A-A013-EB40AA970CEC}
	EndGlobalSection
EndGlobal
